
Microsoft Visual Studio Solution File, Format Version 12.00
# Visual Studio Version 17
VisualStudioVersion = 17.14.36121.58 d17.14
MinimumVisualStudioVersion = 10.0.40219.1
Project("{FAE04EC0-301F-11D3-BF4B-00C04F79EFBC}") = "Enum ve Struct1", "Enum ve Struct1\Enum ve Struct1.csproj", "{83DFE995-4967-4F46-80B3-99AD284718C0}"
EndProject
Global
	GlobalSection(SolutionConfigurationPlatforms) = preSolution
		Debug|Any CPU = Debug|Any CPU
		Release|Any CPU = Release|Any CPU
	EndGlobalSection
	GlobalSection(ProjectConfigurationPlatforms) = postSolution
		{83DFE995-4967-4F46-80B3-99AD284718C0}.Debug|Any CPU.ActiveCfg = Debug|Any CPU
		{83DFE995-4967-4F46-80B3-99AD284718C0}.Debug|Any CPU.Build.0 = Debug|Any CPU
		{83DFE995-4967-4F46-80B3-99AD284718C0}.Release|Any CPU.ActiveCfg = Release|Any CPU
		{83DFE995-4967-4F46-80B3-99AD284718C0}.Release|Any CPU.Build.0 = Release|Any CPU
	EndGlobalSection
	GlobalSection(SolutionProperties) = preSolution
		HideSolutionNode = FALSE
	EndGlobalSection
	GlobalSection(ExtensibilityGlobals) = postSolution
		SolutionGuid = {9EF9434F-4A21-45EC-BEEE-F534337C6E6E}
	EndGlobalSection
EndGlobal
